
Microsoft Visual Studio Solution File, Format Version 12.00
# Visual Studio Version 17
VisualStudioVersion = 17.1.32210.238
MinimumVisualStudioVersion = 10.0.40219.1
Project("{8BC9CEB8-8B4A-11D0-8D11-00A0C91BC942}") = "windowapi", "windowapi.vcxproj", "{AAD80580-8305-45B0-90E9-F7334C2950FF}"
EndProject
Global
	GlobalSection(SolutionConfigurationPlatforms) = preSolution
		Debug|x64 = Debug|x64
		Debug|x86 = Debug|x86
		Release|x64 = Release|x64
		Release|x86 = Release|x86
	EndGlobalSection
	GlobalSection(ProjectConfigurationPlatforms) = postSolution
		{AAD80580-8305-45B0-90E9-F7334C2950FF}.Debug|x64.ActiveCfg = Debug|x64
		{AAD80580-8305-45B0-90E9-F7334C2950FF}.Debug|x64.Build.0 = Debug|x64
		{AAD80580-8305-45B0-90E9-F7334C2950FF}.Debug|x86.ActiveCfg = Debug|Win32
		{AAD80580-8305-45B0-90E9-F7334C2950FF}.Debug|x86.Build.0 = Debug|Win32
		{AAD80580-8305-45B0-90E9-F7334C2950FF}.Release|x64.ActiveCfg = Release|x64
		{AAD80580-8305-45B0-90E9-F7334C2950FF}.Release|x64.Build.0 = Release|x64
		{AAD80580-8305-45B0-90E9-F7334C2950FF}.Release|x86.ActiveCfg = Release|Win32
		{AAD80580-8305-45B0-90E9-F7334C2950FF}.Release|x86.Build.0 = Release|Win32
	EndGlobalSection
	GlobalSection(SolutionProperties) = preSolution
		HideSolutionNode = FALSE
	EndGlobalSection
	GlobalSection(ExtensibilityGlobals) = postSolution
		SolutionGuid = {97C91082-63C8-4A1B-87F6-C59BFDEAB167}
	EndGlobalSection
EndGlobal
